
Microsoft Visual Studio Solution File, Format Version 12.00
# Visual Studio 15
VisualStudioVersion = 15.0.28307.168
MinimumVisualStudioVersion = 10.0.40219.1
Project("{9A19103F-16F7-4668-BE54-9A1E7A4F7556}") = "blockChain", "blockChain\blockChain.csproj", "{6DD8B3DA-FF0A-41AA-AD23-AAB783B2ED88}"
EndProject
Project("{FAE04EC0-301F-11D3-BF4B-00C04F79EFBC}") = "akka.study", "akka.study\akka.study.csproj", "{AC9722CF-81ED-4DE2-8BDA-BDF17B3D3530}"
EndProject
Project("{FAE04EC0-301F-11D3-BF4B-00C04F79EFBC}") = "akka.client", "akka.Test\akka.client.csproj", "{DD4335A6-28B7-4443-A338-AC0ADBC66561}"
EndProject
Project("{FAE04EC0-301F-11D3-BF4B-00C04F79EFBC}") = "akka.server", "akka.server\akka.server.csproj", "{8C6AF929-D795-4CAA-B4E2-8666DB9E3E57}"
EndProject
Project("{9A19103F-16F7-4668-BE54-9A1E7A4F7556}") = "Distributed.Akka.Common", "Distributed.Akka.Common\Distributed.Akka.Common.csproj", "{972ED2B4-593F-469B-ACED-E3F0697B40F1}"
EndProject
Project("{9A19103F-16F7-4668-BE54-9A1E7A4F7556}") = "Distributed.Akka.Server", "Distributed.Akka.Server\Distributed.Akka.Server.csproj", "{DFDD96BE-BCDF-4D7E-BD91-01476244B582}"
EndProject
Project("{9A19103F-16F7-4668-BE54-9A1E7A4F7556}") = "Distributed.Akka.Client", "DistributedAkkaClient\Distributed.Akka.Client.csproj", "{FE31E07A-6AFA-4109-8738-26D5443AE8D9}"
EndProject
Global
	GlobalSection(SolutionConfigurationPlatforms) = preSolution
		Debug|Any CPU = Debug|Any CPU
		Release|Any CPU = Release|Any CPU
	EndGlobalSection
	GlobalSection(ProjectConfigurationPlatforms) = postSolution
		{6DD8B3DA-FF0A-41AA-AD23-AAB783B2ED88}.Debug|Any CPU.ActiveCfg = Debug|Any CPU
		{6DD8B3DA-FF0A-41AA-AD23-AAB783B2ED88}.Debug|Any CPU.Build.0 = Debug|Any CPU
		{6DD8B3DA-FF0A-41AA-AD23-AAB783B2ED88}.Release|Any CPU.ActiveCfg = Release|Any CPU
		{6DD8B3DA-FF0A-41AA-AD23-AAB783B2ED88}.Release|Any CPU.Build.0 = Release|Any CPU
		{AC9722CF-81ED-4DE2-8BDA-BDF17B3D3530}.Debug|Any CPU.ActiveCfg = Debug|Any CPU
		{AC9722CF-81ED-4DE2-8BDA-BDF17B3D3530}.Debug|Any CPU.Build.0 = Debug|Any CPU
		{AC9722CF-81ED-4DE2-8BDA-BDF17B3D3530}.Release|Any CPU.ActiveCfg = Release|Any CPU
		{AC9722CF-81ED-4DE2-8BDA-BDF17B3D3530}.Release|Any CPU.Build.0 = Release|Any CPU
		{DD4335A6-28B7-4443-A338-AC0ADBC66561}.Debug|Any CPU.ActiveCfg = Debug|Any CPU
		{DD4335A6-28B7-4443-A338-AC0ADBC66561}.Debug|Any CPU.Build.0 = Debug|Any CPU
		{DD4335A6-28B7-4443-A338-AC0ADBC66561}.Release|Any CPU.ActiveCfg = Release|Any CPU
		{DD4335A6-28B7-4443-A338-AC0ADBC66561}.Release|Any CPU.Build.0 = Release|Any CPU
		{8C6AF929-D795-4CAA-B4E2-8666DB9E3E57}.Debug|Any CPU.ActiveCfg = Debug|Any CPU
		{8C6AF929-D795-4CAA-B4E2-8666DB9E3E57}.Debug|Any CPU.Build.0 = Debug|Any CPU
		{8C6AF929-D795-4CAA-B4E2-8666DB9E3E57}.Release|Any CPU.ActiveCfg = Release|Any CPU
		{8C6AF929-D795-4CAA-B4E2-8666DB9E3E57}.Release|Any CPU.Build.0 = Release|Any CPU
		{972ED2B4-593F-469B-ACED-E3F0697B40F1}.Debug|Any CPU.ActiveCfg = Debug|Any CPU
		{972ED2B4-593F-469B-ACED-E3F0697B40F1}.Debug|Any CPU.Build.0 = Debug|Any CPU
		{972ED2B4-593F-469B-ACED-E3F0697B40F1}.Release|Any CPU.ActiveCfg = Release|Any CPU
		{972ED2B4-593F-469B-ACED-E3F0697B40F1}.Release|Any CPU.Build.0 = Release|Any CPU
		{DFDD96BE-BCDF-4D7E-BD91-01476244B582}.Debug|Any CPU.ActiveCfg = Debug|Any CPU
		{DFDD96BE-BCDF-4D7E-BD91-01476244B582}.Debug|Any CPU.Build.0 = Debug|Any CPU
		{DFDD96BE-BCDF-4D7E-BD91-01476244B582}.Release|Any CPU.ActiveCfg = Release|Any CPU
		{DFDD96BE-BCDF-4D7E-BD91-01476244B582}.Release|Any CPU.Build.0 = Release|Any CPU
		{FE31E07A-6AFA-4109-8738-26D5443AE8D9}.Debug|Any CPU.ActiveCfg = Debug|Any CPU
		{FE31E07A-6AFA-4109-8738-26D5443AE8D9}.Debug|Any CPU.Build.0 = Debug|Any CPU
		{FE31E07A-6AFA-4109-8738-26D5443AE8D9}.Release|Any CPU.ActiveCfg = Release|Any CPU
		{FE31E07A-6AFA-4109-8738-26D5443AE8D9}.Release|Any CPU.Build.0 = Release|Any CPU
	EndGlobalSection
	GlobalSection(SolutionProperties) = preSolution
		HideSolutionNode = FALSE
	EndGlobalSection
	GlobalSection(ExtensibilityGlobals) = postSolution
		SolutionGuid = {96C22686-A89F-4B9C-B29C-4C2E7E095CB9}
	EndGlobalSection
EndGlobal
